
Microsoft Visual Studio Solution File, Format Version 12.00
# Visual Studio Version 17
VisualStudioVersion = 17.1.32421.90
MinimumVisualStudioVersion = 10.0.40219.1
Project("{FAE04EC0-301F-11D3-BF4B-00C04F79EFBC}") = "Hangman", "Hangman.csproj", "{B051C0F1-29CC-4805-AA6C-80462B8BC0C1}"
EndProject
Global
	GlobalSection(SolutionConfigurationPlatforms) = preSolution
		Debug|Any CPU = Debug|Any CPU
		Release|Any CPU = Release|Any CPU
	EndGlobalSection
	GlobalSection(ProjectConfigurationPlatforms) = postSolution
		{B051C0F1-29CC-4805-AA6C-80462B8BC0C1}.Debug|Any CPU.ActiveCfg = Debug|Any CPU
		{B051C0F1-29CC-4805-AA6C-80462B8BC0C1}.Debug|Any CPU.Build.0 = Debug|Any CPU
		{B051C0F1-29CC-4805-AA6C-80462B8BC0C1}.Release|Any CPU.ActiveCfg = Release|Any CPU
		{B051C0F1-29CC-4805-AA6C-80462B8BC0C1}.Release|Any CPU.Build.0 = Release|Any CPU
	EndGlobalSection
	GlobalSection(SolutionProperties) = preSolution
		HideSolutionNode = FALSE
	EndGlobalSection
	GlobalSection(ExtensibilityGlobals) = postSolution
		SolutionGuid = {3DC91A2C-78B3-450E-9DB2-5D2300A82552}
	EndGlobalSection
EndGlobal
